
Microsoft Visual Studio Solution File, Format Version 12.00
# Visual Studio 14
VisualStudioVersion = 14.0.25420.1
MinimumVisualStudioVersion = 10.0.40219.1
Project("{FAE04EC0-301F-11D3-BF4B-00C04F79EFBC}") = "ListViewExample", "ListViewExample\ListViewExample\ListViewExample.csproj", "{6718D980-6A37-4A75-B55D-F0F7E2574257}"
EndProject
Project("{FAE04EC0-301F-11D3-BF4B-00C04F79EFBC}") = "ListViewExample.Droid", "ListViewExample\ListViewExample.Droid\ListViewExample.Droid.csproj", "{F4103BBD-1FBE-4311-A590-B6A7385A6DCA}"
EndProject
Project("{FAE04EC0-301F-11D3-BF4B-00C04F79EFBC}") = "ListViewExample.iOS", "ListViewExample\ListViewExample.iOS\ListViewExample.iOS.csproj", "{89A435F7-F2AC-4A08-BB00-3840CCB3DE0C}"
EndProject
Project("{FAE04EC0-301F-11D3-BF4B-00C04F79EFBC}") = "ListViewExample.WinPhone", "ListViewExample\ListViewExample.WinPhone\ListViewExample.WinPhone.csproj", "{4543B90A-7870-4060-92F9-2596DE6B0252}"
EndProject
Project("{FAE04EC0-301F-11D3-BF4B-00C04F79EFBC}") = "ListViewExample.UWP", "ListViewExample\ListViewExample.UWP\ListViewExample.UWP.csproj", "{D88C2B65-BA90-4953-A026-9C6BA2DF69A3}"
EndProject
Project("{FAE04EC0-301F-11D3-BF4B-00C04F79EFBC}") = "ListViewExample.Windows", "ListViewExample\ListViewExample.Windows\ListViewExample.Windows.csproj", "{F0E4BC11-60A8-4393-A023-4A698325A996}"
EndProject
Global
	GlobalSection(SolutionConfigurationPlatforms) = preSolution
		Ad-Hoc|Any CPU = Ad-Hoc|Any CPU
		Ad-Hoc|ARM = Ad-Hoc|ARM
		Ad-Hoc|iPhone = Ad-Hoc|iPhone
		Ad-Hoc|iPhoneSimulator = Ad-Hoc|iPhoneSimulator
		Ad-Hoc|x64 = Ad-Hoc|x64
		Ad-Hoc|x86 = Ad-Hoc|x86
		AppStore|Any CPU = AppStore|Any CPU
		AppStore|ARM = AppStore|ARM
		AppStore|iPhone = AppStore|iPhone
		AppStore|iPhoneSimulator = AppStore|iPhoneSimulator
		AppStore|x64 = AppStore|x64
		AppStore|x86 = AppStore|x86
		Debug|Any CPU = Debug|Any CPU
		Debug|ARM = Debug|ARM
		Debug|iPhone = Debug|iPhone
		Debug|iPhoneSimulator = Debug|iPhoneSimulator
		Debug|x64 = Debug|x64
		Debug|x86 = Debug|x86
		Release|Any CPU = Release|Any CPU
		Release|ARM = Release|ARM
		Release|iPhone = Release|iPhone
		Release|iPhoneSimulator = Release|iPhoneSimulator
		Release|x64 = Release|x64
		Release|x86 = Release|x86
	EndGlobalSection
	GlobalSection(ProjectConfigurationPlatforms) = postSolution
		{6718D980-6A37-4A75-B55D-F0F7E2574257}.Ad-Hoc|Any CPU.ActiveCfg = Release|Any CPU
		{6718D980-6A37-4A75-B55D-F0F7E2574257}.Ad-Hoc|Any CPU.Build.0 = Release|Any CPU
		{6718D980-6A37-4A75-B55D-F0F7E2574257}.Ad-Hoc|ARM.ActiveCfg = Release|Any CPU
		{6718D980-6A37-4A75-B55D-F0F7E2574257}.Ad-Hoc|ARM.Build.0 = Release|Any CPU
		{6718D980-6A37-4A75-B55D-F0F7E2574257}.Ad-Hoc|iPhone.ActiveCfg = Release|Any CPU
		{6718D980-6A37-4A75-B55D-F0F7E2574257}.Ad-Hoc|iPhone.Build.0 = Release|Any CPU
		{6718D980-6A37-4A75-B55D-F0F7E2574257}.Ad-Hoc|iPhoneSimulator.ActiveCfg = Release|Any CPU
		{6718D980-6A37-4A75-B55D-F0F7E2574257}.Ad-Hoc|iPhoneSimulator.Build.0 = Release|Any CPU
		{6718D980-6A37-4A75-B55D-F0F7E2574257}.Ad-Hoc|x64.ActiveCfg = Release|Any CPU
		{6718D980-6A37-4A75-B55D-F0F7E2574257}.Ad-Hoc|x64.Build.0 = Release|Any CPU
		{6718D980-6A37-4A75-B55D-F0F7E2574257}.Ad-Hoc|x86.ActiveCfg = Release|Any CPU
		{6718D980-6A37-4A75-B55D-F0F7E2574257}.Ad-Hoc|x86.Build.0 = Release|Any CPU
		{6718D980-6A37-4A75-B55D-F0F7E2574257}.AppStore|Any CPU.ActiveCfg = Release|Any CPU
		{6718D980-6A37-4A75-B55D-F0F7E2574257}.AppStore|Any CPU.Build.0 = Release|Any CPU
		{6718D980-6A37-4A75-B55D-F0F7E2574257}.AppStore|ARM.ActiveCfg = Release|Any CPU
		{6718D980-6A37-4A75-B55D-F0F7E2574257}.AppStore|ARM.Build.0 = Release|Any CPU
		{6718D980-6A37-4A75-B55D-F0F7E2574257}.AppStore|iPhone.ActiveCfg = Release|Any CPU
		{6718D980-6A37-4A75-B55D-F0F7E2574257}.AppStore|iPhone.Build.0 = Release|Any CPU
		{6718D980-6A37-4A75-B55D-F0F7E2574257}.AppStore|iPhoneSimulator.ActiveCfg = Release|Any CPU
		{6718D980-6A37-4A75-B55D-F0F7E2574257}.AppStore|iPhoneSimulator.Build.0 = Release|Any CPU
		{6718D980-6A37-4A75-B55D-F0F7E2574257}.AppStore|x64.ActiveCfg = Release|Any CPU
		{6718D980-6A37-4A75-B55D-F0F7E2574257}.AppStore|x64.Build.0 = Release|Any CPU
		{6718D980-6A37-4A75-B55D-F0F7E2574257}.AppStore|x86.ActiveCfg = Release|Any CPU
		{6718D980-6A37-4A75-B55D-F0F7E2574257}.AppStore|x86.Build.0 = Release|Any CPU
		{6718D980-6A37-4A75-B55D-F0F7E2574257}.Debug|Any CPU.ActiveCfg = Debug|Any CPU
		{6718D980-6A37-4A75-B55D-F0F7E2574257}.Debug|Any CPU.Build.0 = Debug|Any CPU
		{6718D980-6A37-4A75-B55D-F0F7E2574257}.Debug|ARM.ActiveCfg = Debug|Any CPU
		{6718D980-6A37-4A75-B55D-F0F7E2574257}.Debug|ARM.Build.0 = Debug|Any CPU
		{6718D980-6A37-4A75-B55D-F0F7E2574257}.Debug|iPhone.ActiveCfg = Debug|Any CPU
		{6718D980-6A37-4A75-B55D-F0F7E2574257}.Debug|iPhone.Build.0 = Debug|Any CPU
		{6718D980-6A37-4A75-B55D-F0F7E2574257}.Debug|iPhoneSimulator.ActiveCfg = Debug|Any CPU
		{6718D980-6A37-4A75-B55D-F0F7E2574257}.Debug|iPhoneSimulator.Build.0 = Debug|Any CPU
		{6718D980-6A37-4A75-B55D-F0F7E2574257}.Debug|x64.ActiveCfg = Debug|Any CPU
		{6718D980-6A37-4A75-B55D-F0F7E2574257}.Debug|x64.Build.0 = Debug|Any CPU
		{6718D980-6A37-4A75-B55D-F0F7E2574257}.Debug|x86.ActiveCfg = Debug|Any CPU
		{6718D980-6A37-4A75-B55D-F0F7E2574257}.Debug|x86.Build.0 = Debug|Any CPU
		{6718D980-6A37-4A75-B55D-F0F7E2574257}.Release|Any CPU.ActiveCfg = Release|Any CPU
		{6718D980-6A37-4A75-B55D-F0F7E2574257}.Release|Any CPU.Build.0 = Release|Any CPU
		{6718D980-6A37-4A75-B55D-F0F7E2574257}.Release|ARM.ActiveCfg = Release|Any CPU
		{6718D980-6A37-4A75-B55D-F0F7E2574257}.Release|ARM.Build.0 = Release|Any CPU
		{6718D980-6A37-4A75-B55D-F0F7E2574257}.Release|iPhone.ActiveCfg = Release|Any CPU
		{6718D980-6A37-4A75-B55D-F0F7E2574257}.Release|iPhone.Build.0 = Release|Any CPU
		{6718D980-6A37-4A75-B55D-F0F7E2574257}.Release|iPhoneSimulator.ActiveCfg = Release|Any CPU
		{6718D980-6A37-4A75-B55D-F0F7E2574257}.Release|iPhoneSimulator.Build.0 = Release|Any CPU
		{6718D980-6A37-4A75-B55D-F0F7E2574257}.Release|x64.ActiveCfg = Release|Any CPU
		{6718D980-6A37-4A75-B55D-F0F7E2574257}.Release|x64.Build.0 = Release|Any CPU
		{6718D980-6A37-4A75-B55D-F0F7E2574257}.Release|x86.ActiveCfg = Release|Any CPU
		{6718D980-6A37-4A75-B55D-F0F7E2574257}.Release|x86.Build.0 = Release|Any CPU
		{F4103BBD-1FBE-4311-A590-B6A7385A6DCA}.Ad-Hoc|Any CPU.ActiveCfg = Release|Any CPU
		{F4103BBD-1FBE-4311-A590-B6A7385A6DCA}.Ad-Hoc|Any CPU.Build.0 = Release|Any CPU
		{F4103BBD-1FBE-4311-A590-B6A7385A6DCA}.Ad-Hoc|Any CPU.Deploy.0 = Release|Any CPU
		{F4103BBD-1FBE-4311-A590-B6A7385A6DCA}.Ad-Hoc|ARM.ActiveCfg = Release|Any CPU
		{F4103BBD-1FBE-4311-A590-B6A7385A6DCA}.Ad-Hoc|ARM.Build.0 = Release|Any CPU
		{F4103BBD-1FBE-4311-A590-B6A7385A6DCA}.Ad-Hoc|ARM.Deploy.0 = Release|Any CPU
		{F4103BBD-1FBE-4311-A590-B6A7385A6DCA}.Ad-Hoc|iPhone.ActiveCfg = Release|Any CPU
		{F4103BBD-1FBE-4311-A590-B6A7385A6DCA}.Ad-Hoc|iPhone.Build.0 = Release|Any CPU
		{F4103BBD-1FBE-4311-A590-B6A7385A6DCA}.Ad-Hoc|iPhone.Deploy.0 = Release|Any CPU
		{F4103BBD-1FBE-4311-A590-B6A7385A6DCA}.Ad-Hoc|iPhoneSimulator.ActiveCfg = Release|Any CPU
		{F4103BBD-1FBE-4311-A590-B6A7385A6DCA}.Ad-Hoc|iPhoneSimulator.Build.0 = Release|Any CPU
		{F4103BBD-1FBE-4311-A590-B6A7385A6DCA}.Ad-Hoc|iPhoneSimulator.Deploy.0 = Release|Any CPU
		{F4103BBD-1FBE-4311-A590-B6A7385A6DCA}.Ad-Hoc|x64.ActiveCfg = Release|Any CPU
		{F4103BBD-1FBE-4311-A590-B6A7385A6DCA}.Ad-Hoc|x64.Build.0 = Release|Any CPU
		{F4103BBD-1FBE-4311-A590-B6A7385A6DCA}.Ad-Hoc|x64.Deploy.0 = Release|Any CPU
		{F4103BBD-1FBE-4311-A590-B6A7385A6DCA}.Ad-Hoc|x86.ActiveCfg = Release|Any CPU
		{F4103BBD-1FBE-4311-A590-B6A7385A6DCA}.Ad-Hoc|x86.Build.0 = Release|Any CPU
		{F4103BBD-1FBE-4311-A590-B6A7385A6DCA}.Ad-Hoc|x86.Deploy.0 = Release|Any CPU
		{F4103BBD-1FBE-4311-A590-B6A7385A6DCA}.AppStore|Any CPU.ActiveCfg = Release|Any CPU
		{F4103BBD-1FBE-4311-A590-B6A7385A6DCA}.AppStore|Any CPU.Build.0 = Release|Any CPU
		{F4103BBD-1FBE-4311-A590-B6A7385A6DCA}.AppStore|Any CPU.Deploy.0 = Release|Any CPU
		{F4103BBD-1FBE-4311-A590-B6A7385A6DCA}.AppStore|ARM.ActiveCfg = Release|Any CPU
		{F4103BBD-1FBE-4311-A590-B6A7385A6DCA}.AppStore|ARM.Build.0 = Release|Any CPU
		{F4103BBD-1FBE-4311-A590-B6A7385A6DCA}.AppStore|ARM.Deploy.0 = Release|Any CPU
		{F4103BBD-1FBE-4311-A590-B6A7385A6DCA}.AppStore|iPhone.ActiveCfg = Release|Any CPU
		{F4103BBD-1FBE-4311-A590-B6A7385A6DCA}.AppStore|iPhone.Build.0 = Release|Any CPU
		{F4103BBD-1FBE-4311-A590-B6A7385A6DCA}.AppStore|iPhone.Deploy.0 = Release|Any CPU
		{F4103BBD-1FBE-4311-A590-B6A7385A6DCA}.AppStore|iPhoneSimulator.ActiveCfg = Release|Any CPU
		{F4103BBD-1FBE-4311-A590-B6A7385A6DCA}.AppStore|iPhoneSimulator.Build.0 = Release|Any CPU
		{F4103BBD-1FBE-4311-A590-B6A7385A6DCA}.AppStore|iPhoneSimulator.Deploy.0 = Release|Any CPU
		{F4103BBD-1FBE-4311-A590-B6A7385A6DCA}.AppStore|x64.ActiveCfg = Release|Any CPU
		{F4103BBD-1FBE-4311-A590-B6A7385A6DCA}.AppStore|x64.Build.0 = Release|Any CPU
		{F4103BBD-1FBE-4311-A590-B6A7385A6DCA}.AppStore|x64.Deploy.0 = Release|Any CPU
		{F4103BBD-1FBE-4311-A590-B6A7385A6DCA}.AppStore|x86.ActiveCfg = Release|Any CPU
		{F4103BBD-1FBE-4311-A590-B6A7385A6DCA}.AppStore|x86.Build.0 = Release|Any CPU
		{F4103BBD-1FBE-4311-A590-B6A7385A6DCA}.AppStore|x86.Deploy.0 = Release|Any CPU
		{F4103BBD-1FBE-4311-A590-B6A7385A6DCA}.Debug|Any CPU.ActiveCfg = Debug|Any CPU
		{F4103BBD-1FBE-4311-A590-B6A7385A6DCA}.Debug|Any CPU.Build.0 = Debug|Any CPU
		{F4103BBD-1FBE-4311-A590-B6A7385A6DCA}.Debug|Any CPU.Deploy.0 = Debug|Any CPU
		{F4103BBD-1FBE-4311-A590-B6A7385A6DCA}.Debug|ARM.ActiveCfg = Debug|Any CPU
		{F4103BBD-1FBE-4311-A590-B6A7385A6DCA}.Debug|ARM.Build.0 = Debug|Any CPU
		{F4103BBD-1FBE-4311-A590-B6A7385A6DCA}.Debug|ARM.Deploy.0 = Debug|Any CPU
		{F4103BBD-1FBE-4311-A590-B6A7385A6DCA}.Debug|iPhone.ActiveCfg = Debug|Any CPU
		{F4103BBD-1FBE-4311-A590-B6A7385A6DCA}.Debug|iPhone.Build.0 = Debug|Any CPU
		{F4103BBD-1FBE-4311-A590-B6A7385A6DCA}.Debug|iPhone.Deploy.0 = Debug|Any CPU
		{F4103BBD-1FBE-4311-A590-B6A7385A6DCA}.Debug|iPhoneSimulator.ActiveCfg = Debug|Any CPU
		{F4103BBD-1FBE-4311-A590-B6A7385A6DCA}.Debug|iPhoneSimulator.Build.0 = Debug|Any CPU
		{F4103BBD-1FBE-4311-A590-B6A7385A6DCA}.Debug|iPhoneSimulator.Deploy.0 = Debug|Any CPU
		{F4103BBD-1FBE-4311-A590-B6A7385A6DCA}.Debug|x64.ActiveCfg = Debug|Any CPU
		{F4103BBD-1FBE-4311-A590-B6A7385A6DCA}.Debug|x64.Build.0 = Debug|Any CPU
		{F4103BBD-1FBE-4311-A590-B6A7385A6DCA}.Debug|x64.Deploy.0 = Debug|Any CPU
		{F4103BBD-1FBE-4311-A590-B6A7385A6DCA}.Debug|x86.ActiveCfg = Debug|Any CPU
		{F4103BBD-1FBE-4311-A590-B6A7385A6DCA}.Debug|x86.Build.0 = Debug|Any CPU
		{F4103BBD-1FBE-4311-A590-B6A7385A6DCA}.Debug|x86.Deploy.0 = Debug|Any CPU
		{F4103BBD-1FBE-4311-A590-B6A7385A6DCA}.Release|Any CPU.ActiveCfg = Release|Any CPU
		{F4103BBD-1FBE-4311-A590-B6A7385A6DCA}.Release|Any CPU.Build.0 = Release|Any CPU
		{F4103BBD-1FBE-4311-A590-B6A7385A6DCA}.Release|Any CPU.Deploy.0 = Release|Any CPU
		{F4103BBD-1FBE-4311-A590-B6A7385A6DCA}.Release|ARM.ActiveCfg = Release|Any CPU
		{F4103BBD-1FBE-4311-A590-B6A7385A6DCA}.Release|ARM.Build.0 = Release|Any CPU
		{F4103BBD-1FBE-4311-A590-B6A7385A6DCA}.Release|ARM.Deploy.0 = Release|Any CPU
		{F4103BBD-1FBE-4311-A590-B6A7385A6DCA}.Release|iPhone.ActiveCfg = Release|Any CPU
		{F4103BBD-1FBE-4311-A590-B6A7385A6DCA}.Release|iPhone.Build.0 = Release|Any CPU
		{F4103BBD-1FBE-4311-A590-B6A7385A6DCA}.Release|iPhone.Deploy.0 = Release|Any CPU
		{F4103BBD-1FBE-4311-A590-B6A7385A6DCA}.Release|iPhoneSimulator.ActiveCfg = Release|Any CPU
		{F4103BBD-1FBE-4311-A590-B6A7385A6DCA}.Release|iPhoneSimulator.Build.0 = Release|Any CPU
		{F4103BBD-1FBE-4311-A590-B6A7385A6DCA}.Release|iPhoneSimulator.Deploy.0 = Release|Any CPU
		{F4103BBD-1FBE-4311-A590-B6A7385A6DCA}.Release|x64.ActiveCfg = Release|Any CPU
		{F4103BBD-1FBE-4311-A590-B6A7385A6DCA}.Release|x64.Build.0 = Release|Any CPU
		{F4103BBD-1FBE-4311-A590-B6A7385A6DCA}.Release|x64.Deploy.0 = Release|Any CPU
		{F4103BBD-1FBE-4311-A590-B6A7385A6DCA}.Release|x86.ActiveCfg = Release|Any CPU
		{F4103BBD-1FBE-4311-A590-B6A7385A6DCA}.Release|x86.Build.0 = Release|Any CPU
		{F4103BBD-1FBE-4311-A590-B6A7385A6DCA}.Release|x86.Deploy.0 = Release|Any CPU
		{89A435F7-F2AC-4A08-BB00-3840CCB3DE0C}.Ad-Hoc|Any CPU.ActiveCfg = Ad-Hoc|iPhone
		{89A435F7-F2AC-4A08-BB00-3840CCB3DE0C}.Ad-Hoc|ARM.ActiveCfg = Ad-Hoc|iPhone
		{89A435F7-F2AC-4A08-BB00-3840CCB3DE0C}.Ad-Hoc|iPhone.ActiveCfg = Ad-Hoc|iPhone
		{89A435F7-F2AC-4A08-BB00-3840CCB3DE0C}.Ad-Hoc|iPhone.Build.0 = Ad-Hoc|iPhone
		{89A435F7-F2AC-4A08-BB00-3840CCB3DE0C}.Ad-Hoc|iPhoneSimulator.ActiveCfg = Ad-Hoc|iPhoneSimulator
		{89A435F7-F2AC-4A08-BB00-3840CCB3DE0C}.Ad-Hoc|iPhoneSimulator.Build.0 = Ad-Hoc|iPhoneSimulator
		{89A435F7-F2AC-4A08-BB00-3840CCB3DE0C}.Ad-Hoc|x64.ActiveCfg = Ad-Hoc|iPhone
		{89A435F7-F2AC-4A08-BB00-3840CCB3DE0C}.Ad-Hoc|x86.ActiveCfg = Ad-Hoc|iPhone
		{89A435F7-F2AC-4A08-BB00-3840CCB3DE0C}.AppStore|Any CPU.ActiveCfg = AppStore|iPhone
		{89A435F7-F2AC-4A08-BB00-3840CCB3DE0C}.AppStore|ARM.ActiveCfg = AppStore|iPhone
		{89A435F7-F2AC-4A08-BB00-3840CCB3DE0C}.AppStore|iPhone.ActiveCfg = AppStore|iPhone
		{89A435F7-F2AC-4A08-BB00-3840CCB3DE0C}.AppStore|iPhone.Build.0 = AppStore|iPhone
		{89A435F7-F2AC-4A08-BB00-3840CCB3DE0C}.AppStore|iPhoneSimulator.ActiveCfg = AppStore|iPhoneSimulator
		{89A435F7-F2AC-4A08-BB00-3840CCB3DE0C}.AppStore|iPhoneSimulator.Build.0 = AppStore|iPhoneSimulator
		{89A435F7-F2AC-4A08-BB00-3840CCB3DE0C}.AppStore|x64.ActiveCfg = AppStore|iPhone
		{89A435F7-F2AC-4A08-BB00-3840CCB3DE0C}.AppStore|x86.ActiveCfg = AppStore|iPhone
		{89A435F7-F2AC-4A08-BB00-3840CCB3DE0C}.Debug|Any CPU.ActiveCfg = Debug|iPhone
		{89A435F7-F2AC-4A08-BB00-3840CCB3DE0C}.Debug|ARM.ActiveCfg = Debug|iPhone
		{89A435F7-F2AC-4A08-BB00-3840CCB3DE0C}.Debug|iPhone.ActiveCfg = Debug|iPhone
		{89A435F7-F2AC-4A08-BB00-3840CCB3DE0C}.Debug|iPhone.Build.0 = Debug|iPhone
		{89A435F7-F2AC-4A08-BB00-3840CCB3DE0C}.Debug|iPhoneSimulator.ActiveCfg = Debug|iPhoneSimulator
		{89A435F7-F2AC-4A08-BB00-3840CCB3DE0C}.Debug|iPhoneSimulator.Build.0 = Debug|iPhoneSimulator
		{89A435F7-F2AC-4A08-BB00-3840CCB3DE0C}.Debug|x64.ActiveCfg = Debug|iPhone
		{89A435F7-F2AC-4A08-BB00-3840CCB3DE0C}.Debug|x86.ActiveCfg = Debug|iPhone
		{89A435F7-F2AC-4A08-BB00-3840CCB3DE0C}.Release|Any CPU.ActiveCfg = Release|iPhone
		{89A435F7-F2AC-4A08-BB00-3840CCB3DE0C}.Release|ARM.ActiveCfg = Release|iPhone
		{89A435F7-F2AC-4A08-BB00-3840CCB3DE0C}.Release|iPhone.ActiveCfg = Release|iPhone
		{89A435F7-F2AC-4A08-BB00-3840CCB3DE0C}.Release|iPhone.Build.0 = Release|iPhone
		{89A435F7-F2AC-4A08-BB00-3840CCB3DE0C}.Release|iPhoneSimulator.ActiveCfg = Release|iPhoneSimulator
		{89A435F7-F2AC-4A08-BB00-3840CCB3DE0C}.Release|iPhoneSimulator.Build.0 = Release|iPhoneSimulator
		{89A435F7-F2AC-4A08-BB00-3840CCB3DE0C}.Release|x64.ActiveCfg = Release|iPhone
		{89A435F7-F2AC-4A08-BB00-3840CCB3DE0C}.Release|x86.ActiveCfg = Release|iPhone
		{4543B90A-7870-4060-92F9-2596DE6B0252}.Ad-Hoc|Any CPU.ActiveCfg = Release|Any CPU
		{4543B90A-7870-4060-92F9-2596DE6B0252}.Ad-Hoc|Any CPU.Build.0 = Release|Any CPU
		{4543B90A-7870-4060-92F9-2596DE6B0252}.Ad-Hoc|Any CPU.Deploy.0 = Release|Any CPU
		{4543B90A-7870-4060-92F9-2596DE6B0252}.Ad-Hoc|ARM.ActiveCfg = Release|ARM
		{4543B90A-7870-4060-92F9-2596DE6B0252}.Ad-Hoc|ARM.Build.0 = Release|ARM
		{4543B90A-7870-4060-92F9-2596DE6B0252}.Ad-Hoc|ARM.Deploy.0 = Release|ARM
		{4543B90A-7870-4060-92F9-2596DE6B0252}.Ad-Hoc|iPhone.ActiveCfg = Release|Any CPU
		{4543B90A-7870-4060-92F9-2596DE6B0252}.Ad-Hoc|iPhone.Build.0 = Release|Any CPU
		{4543B90A-7870-4060-92F9-2596DE6B0252}.Ad-Hoc|iPhone.Deploy.0 = Release|Any CPU
		{4543B90A-7870-4060-92F9-2596DE6B0252}.Ad-Hoc|iPhoneSimulator.ActiveCfg = Release|Any CPU
		{4543B90A-7870-4060-92F9-2596DE6B0252}.Ad-Hoc|iPhoneSimulator.Build.0 = Release|Any CPU
		{4543B90A-7870-4060-92F9-2596DE6B0252}.Ad-Hoc|iPhoneSimulator.Deploy.0 = Release|Any CPU
		{4543B90A-7870-4060-92F9-2596DE6B0252}.Ad-Hoc|x64.ActiveCfg = Release|Any CPU
		{4543B90A-7870-4060-92F9-2596DE6B0252}.Ad-Hoc|x64.Build.0 = Release|Any CPU
		{4543B90A-7870-4060-92F9-2596DE6B0252}.Ad-Hoc|x64.Deploy.0 = Release|Any CPU
		{4543B90A-7870-4060-92F9-2596DE6B0252}.Ad-Hoc|x86.ActiveCfg = Release|x86
		{4543B90A-7870-4060-92F9-2596DE6B0252}.Ad-Hoc|x86.Build.0 = Release|x86
		{4543B90A-7870-4060-92F9-2596DE6B0252}.Ad-Hoc|x86.Deploy.0 = Release|x86
		{4543B90A-7870-4060-92F9-2596DE6B0252}.AppStore|Any CPU.ActiveCfg = Release|Any CPU
		{4543B90A-7870-4060-92F9-2596DE6B0252}.AppStore|Any CPU.Build.0 = Release|Any CPU
		{4543B90A-7870-4060-92F9-2596DE6B0252}.AppStore|Any CPU.Deploy.0 = Release|Any CPU
		{4543B90A-7870-4060-92F9-2596DE6B0252}.AppStore|ARM.ActiveCfg = Release|ARM
		{4543B90A-7870-4060-92F9-2596DE6B0252}.AppStore|ARM.Build.0 = Release|ARM
		{4543B90A-7870-4060-92F9-2596DE6B0252}.AppStore|ARM.Deploy.0 = Release|ARM
		{4543B90A-7870-4060-92F9-2596DE6B0252}.AppStore|iPhone.ActiveCfg = Release|Any CPU
		{4543B90A-7870-4060-92F9-2596DE6B0252}.AppStore|iPhone.Build.0 = Release|Any CPU
		{4543B90A-7870-4060-92F9-2596DE6B0252}.AppStore|iPhone.Deploy.0 = Release|Any CPU
		{4543B90A-7870-4060-92F9-2596DE6B0252}.AppStore|iPhoneSimulator.ActiveCfg = Release|Any CPU
		{4543B90A-7870-4060-92F9-2596DE6B0252}.AppStore|iPhoneSimulator.Build.0 = Release|Any CPU
		{4543B90A-7870-4060-92F9-2596DE6B0252}.AppStore|iPhoneSimulator.Deploy.0 = Release|Any CPU
		{4543B90A-7870-4060-92F9-2596DE6B0252}.AppStore|x64.ActiveCfg = Release|Any CPU
		{4543B90A-7870-4060-92F9-2596DE6B0252}.AppStore|x64.Build.0 = Release|Any CPU
		{4543B90A-7870-4060-92F9-2596DE6B0252}.AppStore|x64.Deploy.0 = Release|Any CPU
		{4543B90A-7870-4060-92F9-2596DE6B0252}.AppStore|x86.ActiveCfg = Release|x86
		{4543B90A-7870-4060-92F9-2596DE6B0252}.AppStore|x86.Build.0 = Release|x86
		{4543B90A-7870-4060-92F9-2596DE6B0252}.AppStore|x86.Deploy.0 = Release|x86
		{4543B90A-7870-4060-92F9-2596DE6B0252}.Debug|Any CPU.ActiveCfg = Debug|Any CPU
		{4543B90A-7870-4060-92F9-2596DE6B0252}.Debug|Any CPU.Build.0 = Debug|Any CPU
		{4543B90A-7870-4060-92F9-2596DE6B0252}.Debug|Any CPU.Deploy.0 = Debug|Any CPU
		{4543B90A-7870-4060-92F9-2596DE6B0252}.Debug|ARM.ActiveCfg = Debug|ARM
		{4543B90A-7870-4060-92F9-2596DE6B0252}.Debug|ARM.Build.0 = Debug|ARM
		{4543B90A-7870-4060-92F9-2596DE6B0252}.Debug|ARM.Deploy.0 = Debug|ARM
		{4543B90A-7870-4060-92F9-2596DE6B0252}.Debug|iPhone.ActiveCfg = Debug|Any CPU
		{4543B90A-7870-4060-92F9-2596DE6B0252}.Debug|iPhone.Build.0 = Debug|Any CPU
		{4543B90A-7870-4060-92F9-2596DE6B0252}.Debug|iPhone.Deploy.0 = Debug|Any CPU
		{4543B90A-7870-4060-92F9-2596DE6B0252}.Debug|iPhoneSimulator.ActiveCfg = Debug|Any CPU
		{4543B90A-7870-4060-92F9-2596DE6B0252}.Debug|iPhoneSimulator.Build.0 = Debug|Any CPU
		{4543B90A-7870-4060-92F9-2596DE6B0252}.Debug|iPhoneSimulator.Deploy.0 = Debug|Any CPU
		{4543B90A-7870-4060-92F9-2596DE6B0252}.Debug|x64.ActiveCfg = Debug|Any CPU
		{4543B90A-7870-4060-92F9-2596DE6B0252}.Debug|x64.Build.0 = Debug|Any CPU
		{4543B90A-7870-4060-92F9-2596DE6B0252}.Debug|x64.Deploy.0 = Debug|Any CPU
		{4543B90A-7870-4060-92F9-2596DE6B0252}.Debug|x86.ActiveCfg = Debug|x86
		{4543B90A-7870-4060-92F9-2596DE6B0252}.Debug|x86.Build.0 = Debug|x86
		{4543B90A-7870-4060-92F9-2596DE6B0252}.Debug|x86.Deploy.0 = Debug|x86
		{4543B90A-7870-4060-92F9-2596DE6B0252}.Release|Any CPU.ActiveCfg = Release|Any CPU
		{4543B90A-7870-4060-92F9-2596DE6B0252}.Release|Any CPU.Build.0 = Release|Any CPU
		{4543B90A-7870-4060-92F9-2596DE6B0252}.Release|Any CPU.Deploy.0 = Release|Any CPU
		{4543B90A-7870-4060-92F9-2596DE6B0252}.Release|ARM.ActiveCfg = Release|ARM
		{4543B90A-7870-4060-92F9-2596DE6B0252}.Release|ARM.Build.0 = Release|ARM
		{4543B90A-7870-4060-92F9-2596DE6B0252}.Release|ARM.Deploy.0 = Release|ARM
		{4543B90A-7870-4060-92F9-2596DE6B0252}.Release|iPhone.ActiveCfg = Release|Any CPU
		{4543B90A-7870-4060-92F9-2596DE6B0252}.Release|iPhone.Build.0 = Release|Any CPU
		{4543B90A-7870-4060-92F9-2596DE6B0252}.Release|iPhone.Deploy.0 = Release|Any CPU
		{4543B90A-7870-4060-92F9-2596DE6B0252}.Release|iPhoneSimulator.ActiveCfg = Release|Any CPU
		{4543B90A-7870-4060-92F9-2596DE6B0252}.Release|iPhoneSimulator.Build.0 = Release|Any CPU
		{4543B90A-7870-4060-92F9-2596DE6B0252}.Release|iPhoneSimulator.Deploy.0 = Release|Any CPU
		{4543B90A-7870-4060-92F9-2596DE6B0252}.Release|x64.ActiveCfg = Release|Any CPU
		{4543B90A-7870-4060-92F9-2596DE6B0252}.Release|x64.Build.0 = Release|Any CPU
		{4543B90A-7870-4060-92F9-2596DE6B0252}.Release|x64.Deploy.0 = Release|Any CPU
		{4543B90A-7870-4060-92F9-2596DE6B0252}.Release|x86.ActiveCfg = Release|x86
		{4543B90A-7870-4060-92F9-2596DE6B0252}.Release|x86.Build.0 = Release|x86
		{4543B90A-7870-4060-92F9-2596DE6B0252}.Release|x86.Deploy.0 = Release|x86
		{D88C2B65-BA90-4953-A026-9C6BA2DF69A3}.Ad-Hoc|Any CPU.ActiveCfg = Release|x86
		{D88C2B65-BA90-4953-A026-9C6BA2DF69A3}.Ad-Hoc|Any CPU.Build.0 = Release|x86
		{D88C2B65-BA90-4953-A026-9C6BA2DF69A3}.Ad-Hoc|Any CPU.Deploy.0 = Release|x86
		{D88C2B65-BA90-4953-A026-9C6BA2DF69A3}.Ad-Hoc|ARM.ActiveCfg = Release|ARM
		{D88C2B65-BA90-4953-A026-9C6BA2DF69A3}.Ad-Hoc|ARM.Build.0 = Release|ARM
		{D88C2B65-BA90-4953-A026-9C6BA2DF69A3}.Ad-Hoc|ARM.Deploy.0 = Release|ARM
		{D88C2B65-BA90-4953-A026-9C6BA2DF69A3}.Ad-Hoc|iPhone.ActiveCfg = Release|x86
		{D88C2B65-BA90-4953-A026-9C6BA2DF69A3}.Ad-Hoc|iPhone.Build.0 = Release|x86
		{D88C2B65-BA90-4953-A026-9C6BA2DF69A3}.Ad-Hoc|iPhone.Deploy.0 = Release|x86
		{D88C2B65-BA90-4953-A026-9C6BA2DF69A3}.Ad-Hoc|iPhoneSimulator.ActiveCfg = Release|x86
		{D88C2B65-BA90-4953-A026-9C6BA2DF69A3}.Ad-Hoc|iPhoneSimulator.Build.0 = Release|x86
		{D88C2B65-BA90-4953-A026-9C6BA2DF69A3}.Ad-Hoc|iPhoneSimulator.Deploy.0 = Release|x86
		{D88C2B65-BA90-4953-A026-9C6BA2DF69A3}.Ad-Hoc|x64.ActiveCfg = Release|x64
		{D88C2B65-BA90-4953-A026-9C6BA2DF69A3}.Ad-Hoc|x64.Build.0 = Release|x64
		{D88C2B65-BA90-4953-A026-9C6BA2DF69A3}.Ad-Hoc|x64.Deploy.0 = Release|x64
		{D88C2B65-BA90-4953-A026-9C6BA2DF69A3}.Ad-Hoc|x86.ActiveCfg = Release|x86
		{D88C2B65-BA90-4953-A026-9C6BA2DF69A3}.Ad-Hoc|x86.Build.0 = Release|x86
		{D88C2B65-BA90-4953-A026-9C6BA2DF69A3}.Ad-Hoc|x86.Deploy.0 = Release|x86
		{D88C2B65-BA90-4953-A026-9C6BA2DF69A3}.AppStore|Any CPU.ActiveCfg = Release|x86
		{D88C2B65-BA90-4953-A026-9C6BA2DF69A3}.AppStore|Any CPU.Build.0 = Release|x86
		{D88C2B65-BA90-4953-A026-9C6BA2DF69A3}.AppStore|Any CPU.Deploy.0 = Release|x86
		{D88C2B65-BA90-4953-A026-9C6BA2DF69A3}.AppStore|ARM.ActiveCfg = Release|ARM
		{D88C2B65-BA90-4953-A026-9C6BA2DF69A3}.AppStore|ARM.Build.0 = Release|ARM
		{D88C2B65-BA90-4953-A026-9C6BA2DF69A3}.AppStore|ARM.Deploy.0 = Release|ARM
		{D88C2B65-BA90-4953-A026-9C6BA2DF69A3}.AppStore|iPhone.ActiveCfg = Release|x86
		{D88C2B65-BA90-4953-A026-9C6BA2DF69A3}.AppStore|iPhone.Build.0 = Release|x86
		{D88C2B65-BA90-4953-A026-9C6BA2DF69A3}.AppStore|iPhone.Deploy.0 = Release|x86
		{D88C2B65-BA90-4953-A026-9C6BA2DF69A3}.AppStore|iPhoneSimulator.ActiveCfg = Release|x86
		{D88C2B65-BA90-4953-A026-9C6BA2DF69A3}.AppStore|iPhoneSimulator.Build.0 = Release|x86
		{D88C2B65-BA90-4953-A026-9C6BA2DF69A3}.AppStore|iPhoneSimulator.Deploy.0 = Release|x86
		{D88C2B65-BA90-4953-A026-9C6BA2DF69A3}.AppStore|x64.ActiveCfg = Release|x64
		{D88C2B65-BA90-4953-A026-9C6BA2DF69A3}.AppStore|x64.Build.0 = Release|x64
		{D88C2B65-BA90-4953-A026-9C6BA2DF69A3}.AppStore|x64.Deploy.0 = Release|x64
		{D88C2B65-BA90-4953-A026-9C6BA2DF69A3}.AppStore|x86.ActiveCfg = Release|x86
		{D88C2B65-BA90-4953-A026-9C6BA2DF69A3}.AppStore|x86.Build.0 = Release|x86
		{D88C2B65-BA90-4953-A026-9C6BA2DF69A3}.AppStore|x86.Deploy.0 = Release|x86
		{D88C2B65-BA90-4953-A026-9C6BA2DF69A3}.Debug|Any CPU.ActiveCfg = Debug|x86
		{D88C2B65-BA90-4953-A026-9C6BA2DF69A3}.Debug|ARM.ActiveCfg = Debug|ARM
		{D88C2B65-BA90-4953-A026-9C6BA2DF69A3}.Debug|ARM.Build.0 = Debug|ARM
		{D88C2B65-BA90-4953-A026-9C6BA2DF69A3}.Debug|ARM.Deploy.0 = Debug|ARM
		{D88C2B65-BA90-4953-A026-9C6BA2DF69A3}.Debug|iPhone.ActiveCfg = Debug|x86
		{D88C2B65-BA90-4953-A026-9C6BA2DF69A3}.Debug|iPhoneSimulator.ActiveCfg = Debug|x86
		{D88C2B65-BA90-4953-A026-9C6BA2DF69A3}.Debug|x64.ActiveCfg = Debug|x64
		{D88C2B65-BA90-4953-A026-9C6BA2DF69A3}.Debug|x64.Build.0 = Debug|x64
		{D88C2B65-BA90-4953-A026-9C6BA2DF69A3}.Debug|x64.Deploy.0 = Debug|x64
		{D88C2B65-BA90-4953-A026-9C6BA2DF69A3}.Debug|x86.ActiveCfg = Debug|x86
		{D88C2B65-BA90-4953-A026-9C6BA2DF69A3}.Debug|x86.Build.0 = Debug|x86
		{D88C2B65-BA90-4953-A026-9C6BA2DF69A3}.Debug|x86.Deploy.0 = Debug|x86
		{D88C2B65-BA90-4953-A026-9C6BA2DF69A3}.Release|Any CPU.ActiveCfg = Release|x86
		{D88C2B65-BA90-4953-A026-9C6BA2DF69A3}.Release|ARM.ActiveCfg = Release|ARM
		{D88C2B65-BA90-4953-A026-9C6BA2DF69A3}.Release|ARM.Build.0 = Release|ARM
		{D88C2B65-BA90-4953-A026-9C6BA2DF69A3}.Release|ARM.Deploy.0 = Release|ARM
		{D88C2B65-BA90-4953-A026-9C6BA2DF69A3}.Release|iPhone.ActiveCfg = Release|x86
		{D88C2B65-BA90-4953-A026-9C6BA2DF69A3}.Release|iPhoneSimulator.ActiveCfg = Release|x86
		{D88C2B65-BA90-4953-A026-9C6BA2DF69A3}.Release|x64.ActiveCfg = Release|x64
		{D88C2B65-BA90-4953-A026-9C6BA2DF69A3}.Release|x64.Build.0 = Release|x64
		{D88C2B65-BA90-4953-A026-9C6BA2DF69A3}.Release|x64.Deploy.0 = Release|x64
		{D88C2B65-BA90-4953-A026-9C6BA2DF69A3}.Release|x86.ActiveCfg = Release|x86
		{D88C2B65-BA90-4953-A026-9C6BA2DF69A3}.Release|x86.Build.0 = Release|x86
		{D88C2B65-BA90-4953-A026-9C6BA2DF69A3}.Release|x86.Deploy.0 = Release|x86
		{F0E4BC11-60A8-4393-A023-4A698325A996}.Ad-Hoc|Any CPU.ActiveCfg = Release|Any CPU
		{F0E4BC11-60A8-4393-A023-4A698325A996}.Ad-Hoc|Any CPU.Build.0 = Release|Any CPU
		{F0E4BC11-60A8-4393-A023-4A698325A996}.Ad-Hoc|Any CPU.Deploy.0 = Release|Any CPU
		{F0E4BC11-60A8-4393-A023-4A698325A996}.Ad-Hoc|ARM.ActiveCfg = Release|ARM
		{F0E4BC11-60A8-4393-A023-4A698325A996}.Ad-Hoc|ARM.Build.0 = Release|ARM
		{F0E4BC11-60A8-4393-A023-4A698325A996}.Ad-Hoc|ARM.Deploy.0 = Release|ARM
		{F0E4BC11-60A8-4393-A023-4A698325A996}.Ad-Hoc|iPhone.ActiveCfg = Release|Any CPU
		{F0E4BC11-60A8-4393-A023-4A698325A996}.Ad-Hoc|iPhone.Build.0 = Release|Any CPU
		{F0E4BC11-60A8-4393-A023-4A698325A996}.Ad-Hoc|iPhone.Deploy.0 = Release|Any CPU
		{F0E4BC11-60A8-4393-A023-4A698325A996}.Ad-Hoc|iPhoneSimulator.ActiveCfg = Release|Any CPU
		{F0E4BC11-60A8-4393-A023-4A698325A996}.Ad-Hoc|iPhoneSimulator.Build.0 = Release|Any CPU
		{F0E4BC11-60A8-4393-A023-4A698325A996}.Ad-Hoc|iPhoneSimulator.Deploy.0 = Release|Any CPU
		{F0E4BC11-60A8-4393-A023-4A698325A996}.Ad-Hoc|x64.ActiveCfg = Release|x64
		{F0E4BC11-60A8-4393-A023-4A698325A996}.Ad-Hoc|x64.Build.0 = Release|x64
		{F0E4BC11-60A8-4393-A023-4A698325A996}.Ad-Hoc|x64.Deploy.0 = Release|x64
		{F0E4BC11-60A8-4393-A023-4A698325A996}.Ad-Hoc|x86.ActiveCfg = Release|x86
		{F0E4BC11-60A8-4393-A023-4A698325A996}.Ad-Hoc|x86.Build.0 = Release|x86
		{F0E4BC11-60A8-4393-A023-4A698325A996}.Ad-Hoc|x86.Deploy.0 = Release|x86
		{F0E4BC11-60A8-4393-A023-4A698325A996}.AppStore|Any CPU.ActiveCfg = Release|Any CPU
		{F0E4BC11-60A8-4393-A023-4A698325A996}.AppStore|Any CPU.Build.0 = Release|Any CPU
		{F0E4BC11-60A8-4393-A023-4A698325A996}.AppStore|Any CPU.Deploy.0 = Release|Any CPU
		{F0E4BC11-60A8-4393-A023-4A698325A996}.AppStore|ARM.ActiveCfg = Release|ARM
		{F0E4BC11-60A8-4393-A023-4A698325A996}.AppStore|ARM.Build.0 = Release|ARM
		{F0E4BC11-60A8-4393-A023-4A698325A996}.AppStore|ARM.Deploy.0 = Release|ARM
		{F0E4BC11-60A8-4393-A023-4A698325A996}.AppStore|iPhone.ActiveCfg = Release|Any CPU
		{F0E4BC11-60A8-4393-A023-4A698325A996}.AppStore|iPhone.Build.0 = Release|Any CPU
		{F0E4BC11-60A8-4393-A023-4A698325A996}.AppStore|iPhone.Deploy.0 = Release|Any CPU
		{F0E4BC11-60A8-4393-A023-4A698325A996}.AppStore|iPhoneSimulator.ActiveCfg = Release|Any CPU
		{F0E4BC11-60A8-4393-A023-4A698325A996}.AppStore|iPhoneSimulator.Build.0 = Release|Any CPU
		{F0E4BC11-60A8-4393-A023-4A698325A996}.AppStore|iPhoneSimulator.Deploy.0 = Release|Any CPU
		{F0E4BC11-60A8-4393-A023-4A698325A996}.AppStore|x64.ActiveCfg = Release|x64
		{F0E4BC11-60A8-4393-A023-4A698325A996}.AppStore|x64.Build.0 = Release|x64
		{F0E4BC11-60A8-4393-A023-4A698325A996}.AppStore|x64.Deploy.0 = Release|x64
		{F0E4BC11-60A8-4393-A023-4A698325A996}.AppStore|x86.ActiveCfg = Release|x86
		{F0E4BC11-60A8-4393-A023-4A698325A996}.AppStore|x86.Build.0 = Release|x86
		{F0E4BC11-60A8-4393-A023-4A698325A996}.AppStore|x86.Deploy.0 = Release|x86
		{F0E4BC11-60A8-4393-A023-4A698325A996}.Debug|Any CPU.ActiveCfg = Debug|Any CPU
		{F0E4BC11-60A8-4393-A023-4A698325A996}.Debug|Any CPU.Build.0 = Debug|Any CPU
		{F0E4BC11-60A8-4393-A023-4A698325A996}.Debug|Any CPU.Deploy.0 = Debug|Any CPU
		{F0E4BC11-60A8-4393-A023-4A698325A996}.Debug|ARM.ActiveCfg = Debug|ARM
		{F0E4BC11-60A8-4393-A023-4A698325A996}.Debug|ARM.Build.0 = Debug|ARM
		{F0E4BC11-60A8-4393-A023-4A698325A996}.Debug|ARM.Deploy.0 = Debug|ARM
		{F0E4BC11-60A8-4393-A023-4A698325A996}.Debug|iPhone.ActiveCfg = Debug|Any CPU
		{F0E4BC11-60A8-4393-A023-4A698325A996}.Debug|iPhone.Build.0 = Debug|Any CPU
		{F0E4BC11-60A8-4393-A023-4A698325A996}.Debug|iPhone.Deploy.0 = Debug|Any CPU
		{F0E4BC11-60A8-4393-A023-4A698325A996}.Debug|iPhoneSimulator.ActiveCfg = Debug|Any CPU
		{F0E4BC11-60A8-4393-A023-4A698325A996}.Debug|iPhoneSimulator.Build.0 = Debug|Any CPU
		{F0E4BC11-60A8-4393-A023-4A698325A996}.Debug|iPhoneSimulator.Deploy.0 = Debug|Any CPU
		{F0E4BC11-60A8-4393-A023-4A698325A996}.Debug|x64.ActiveCfg = Debug|x64
		{F0E4BC11-60A8-4393-A023-4A698325A996}.Debug|x64.Build.0 = Debug|x64
		{F0E4BC11-60A8-4393-A023-4A698325A996}.Debug|x64.Deploy.0 = Debug|x64
		{F0E4BC11-60A8-4393-A023-4A698325A996}.Debug|x86.ActiveCfg = Debug|x86
		{F0E4BC11-60A8-4393-A023-4A698325A996}.Debug|x86.Build.0 = Debug|x86
		{F0E4BC11-60A8-4393-A023-4A698325A996}.Debug|x86.Deploy.0 = Debug|x86
		{F0E4BC11-60A8-4393-A023-4A698325A996}.Release|Any CPU.ActiveCfg = Release|Any CPU
		{F0E4BC11-60A8-4393-A023-4A698325A996}.Release|Any CPU.Build.0 = Release|Any CPU
		{F0E4BC11-60A8-4393-A023-4A698325A996}.Release|Any CPU.Deploy.0 = Release|Any CPU
		{F0E4BC11-60A8-4393-A023-4A698325A996}.Release|ARM.ActiveCfg = Release|ARM
		{F0E4BC11-60A8-4393-A023-4A698325A996}.Release|ARM.Build.0 = Release|ARM
		{F0E4BC11-60A8-4393-A023-4A698325A996}.Release|ARM.Deploy.0 = Release|ARM
		{F0E4BC11-60A8-4393-A023-4A698325A996}.Release|iPhone.ActiveCfg = Release|Any CPU
		{F0E4BC11-60A8-4393-A023-4A698325A996}.Release|iPhone.Build.0 = Release|Any CPU
		{F0E4BC11-60A8-4393-A023-4A698325A996}.Release|iPhone.Deploy.0 = Release|Any CPU
		{F0E4BC11-60A8-4393-A023-4A698325A996}.Release|iPhoneSimulator.ActiveCfg = Release|Any CPU
		{F0E4BC11-60A8-4393-A023-4A698325A996}.Release|iPhoneSimulator.Build.0 = Release|Any CPU
		{F0E4BC11-60A8-4393-A023-4A698325A996}.Release|iPhoneSimulator.Deploy.0 = Release|Any CPU
		{F0E4BC11-60A8-4393-A023-4A698325A996}.Release|x64.ActiveCfg = Release|x64
		{F0E4BC11-60A8-4393-A023-4A698325A996}.Release|x64.Build.0 = Release|x64
		{F0E4BC11-60A8-4393-A023-4A698325A996}.Release|x64.Deploy.0 = Release|x64
		{F0E4BC11-60A8-4393-A023-4A698325A996}.Release|x86.ActiveCfg = Release|x86
		{F0E4BC11-60A8-4393-A023-4A698325A996}.Release|x86.Build.0 = Release|x86
		{F0E4BC11-60A8-4393-A023-4A698325A996}.Release|x86.Deploy.0 = Release|x86
	EndGlobalSection
	GlobalSection(SolutionProperties) = preSolution
		HideSolutionNode = FALSE
	EndGlobalSection
EndGlobal
